// !$*UTF8*$!
{
	archiveVersion = 1;
	classes = {
	};
	objectVersion = 48;
	objects = {

/* Begin PBXBuildFile section */
		06C2F5CB14DB31D78F3082A4 /* Pods_StreetBalldar.framework in Frameworks */ = {isa = PBXBuildFile; fileRef = 6F83227D9F521D1D13525E81 /* Pods_StreetBalldar.framework */; };
		3682BE8F2011EC5800AAE825 /* ButtonGradient.swift in Sources */ = {isa = PBXBuildFile; fileRef = 3682BE8E2011EC5800AAE825 /* ButtonGradient.swift */; };
		6F37E854200D0FE8004434E3 /* AppDelegate.swift in Sources */ = {isa = PBXBuildFile; fileRef = 6F37E853200D0FE8004434E3 /* AppDelegate.swift */; };
		6F37E856200D0FE8004434E3 /* ViewController.swift in Sources */ = {isa = PBXBuildFile; fileRef = 6F37E855200D0FE8004434E3 /* ViewController.swift */; };
		6F37E859200D0FE8004434E3 /* Main.storyboard in Resources */ = {isa = PBXBuildFile; fileRef = 6F37E857200D0FE8004434E3 /* Main.storyboard */; };
		6F37E85B200D0FE8004434E3 /* Assets.xcassets in Resources */ = {isa = PBXBuildFile; fileRef = 6F37E85A200D0FE8004434E3 /* Assets.xcassets */; };
		6F37E85E200D0FE8004434E3 /* LaunchScreen.storyboard in Resources */ = {isa = PBXBuildFile; fileRef = 6F37E85C200D0FE8004434E3 /* LaunchScreen.storyboard */; };
		6F37E869200D0FE8004434E3 /* StreetBalldarTests.swift in Sources */ = {isa = PBXBuildFile; fileRef = 6F37E868200D0FE8004434E3 /* StreetBalldarTests.swift */; };
		6F37E874200D0FE8004434E3 /* StreetBalldarUITests.swift in Sources */ = {isa = PBXBuildFile; fileRef = 6F37E873200D0FE8004434E3 /* StreetBalldarUITests.swift */; };
		6F37E885200DBC37004434E3 /* Register.storyboard in Resources */ = {isa = PBXBuildFile; fileRef = 6F37E884200DBC36004434E3 /* Register.storyboard */; };
		6F37E887200DBC49004434E3 /* RegisterViewController.swift in Sources */ = {isa = PBXBuildFile; fileRef = 6F37E886200DBC49004434E3 /* RegisterViewController.swift */; };
		6F37E889200DBD23004434E3 /* GoogleService-Info.plist in Resources */ = {isa = PBXBuildFile; fileRef = 6F37E888200DBD23004434E3 /* GoogleService-Info.plist */; };
		7BD90840306CB2885ED64CD5 /* Pods_StreetBalldarUITests.framework in Frameworks */ = {isa = PBXBuildFile; fileRef = 7C642B94ED564E8FB156DA29 /* Pods_StreetBalldarUITests.framework */; };
		CF13B4D4BFA2EAA70EF86CE4 /* Pods_StreetBalldarTests.framework in Frameworks */ = {isa = PBXBuildFile; fileRef = B14F2E837C068D87777E4CA6 /* Pods_StreetBalldarTests.framework */; };
/* End PBXBuildFile section */

/* Begin PBXContainerItemProxy section */
		6F37E865200D0FE8004434E3 /* PBXContainerItemProxy */ = {
			isa = PBXContainerItemProxy;
			containerPortal = 6F37E848200D0FE8004434E3 /* Project object */;
			proxyType = 1;
			remoteGlobalIDString = 6F37E84F200D0FE8004434E3;
			remoteInfo = StreetBalldar;
		};
		6F37E870200D0FE8004434E3 /* PBXContainerItemProxy */ = {
			isa = PBXContainerItemProxy;
			containerPortal = 6F37E848200D0FE8004434E3 /* Project object */;
			proxyType = 1;
			remoteGlobalIDString = 6F37E84F200D0FE8004434E3;
			remoteInfo = StreetBalldar;
		};
/* End PBXContainerItemProxy section */

/* Begin PBXFileReference section */
		3682BE8E2011EC5800AAE825 /* ButtonGradient.swift */ = {isa = PBXFileReference; lastKnownFileType = sourcecode.swift; path = ButtonGradient.swift; sourceTree = "<group>"; };
		46D28FA8C91999BCA3CA0BC9 /* Pods-StreetBalldar.debug.xcconfig */ = {isa = PBXFileReference; includeInIndex = 1; lastKnownFileType = text.xcconfig; name = "Pods-StreetBalldar.debug.xcconfig"; path = "Pods/Target Support Files/Pods-StreetBalldar/Pods-StreetBalldar.debug.xcconfig"; sourceTree = "<group>"; };
		659E72E7359B6855CA1E9C69 /* Pods-StreetBalldarUITests.release.xcconfig */ = {isa = PBXFileReference; includeInIndex = 1; lastKnownFileType = text.xcconfig; name = "Pods-StreetBalldarUITests.release.xcconfig"; path = "Pods/Target Support Files/Pods-StreetBalldarUITests/Pods-StreetBalldarUITests.release.xcconfig"; sourceTree = "<group>"; };
		6F37E850200D0FE8004434E3 /* StreetBalldar.app */ = {isa = PBXFileReference; explicitFileType = wrapper.application; includeInIndex = 0; path = StreetBalldar.app; sourceTree = BUILT_PRODUCTS_DIR; };
		6F37E853200D0FE8004434E3 /* AppDelegate.swift */ = {isa = PBXFileReference; lastKnownFileType = sourcecode.swift; path = AppDelegate.swift; sourceTree = "<group>"; };
		6F37E855200D0FE8004434E3 /* ViewController.swift */ = {isa = PBXFileReference; lastKnownFileType = sourcecode.swift; path = ViewController.swift; sourceTree = "<group>"; };
		6F37E858200D0FE8004434E3 /* Base */ = {isa = PBXFileReference; lastKnownFileType = file.storyboard; name = Base; path = Base.lproj/Main.storyboard; sourceTree = "<group>"; };
		6F37E85A200D0FE8004434E3 /* Assets.xcassets */ = {isa = PBXFileReference; lastKnownFileType = folder.assetcatalog; path = Assets.xcassets; sourceTree = "<group>"; };
		6F37E85D200D0FE8004434E3 /* Base */ = {isa = PBXFileReference; lastKnownFileType = file.storyboard; name = Base; path = Base.lproj/LaunchScreen.storyboard; sourceTree = "<group>"; };
		6F37E85F200D0FE8004434E3 /* Info.plist */ = {isa = PBXFileReference; lastKnownFileType = text.plist.xml; path = Info.plist; sourceTree = "<group>"; };
		6F37E864200D0FE8004434E3 /* StreetBalldarTests.xctest */ = {isa = PBXFileReference; explicitFileType = wrapper.cfbundle; includeInIndex = 0; path = StreetBalldarTests.xctest; sourceTree = BUILT_PRODUCTS_DIR; };
		6F37E868200D0FE8004434E3 /* StreetBalldarTests.swift */ = {isa = PBXFileReference; lastKnownFileType = sourcecode.swift; path = StreetBalldarTests.swift; sourceTree = "<group>"; };
		6F37E86A200D0FE8004434E3 /* Info.plist */ = {isa = PBXFileReference; lastKnownFileType = text.plist.xml; path = Info.plist; sourceTree = "<group>"; };
		6F37E86F200D0FE8004434E3 /* StreetBalldarUITests.xctest */ = {isa = PBXFileReference; explicitFileType = wrapper.cfbundle; includeInIndex = 0; path = StreetBalldarUITests.xctest; sourceTree = BUILT_PRODUCTS_DIR; };
		6F37E873200D0FE8004434E3 /* StreetBalldarUITests.swift */ = {isa = PBXFileReference; lastKnownFileType = sourcecode.swift; path = StreetBalldarUITests.swift; sourceTree = "<group>"; };
		6F37E875200D0FE8004434E3 /* Info.plist */ = {isa = PBXFileReference; lastKnownFileType = text.plist.xml; path = Info.plist; sourceTree = "<group>"; };
		6F37E884200DBC36004434E3 /* Register.storyboard */ = {isa = PBXFileReference; lastKnownFileType = file.storyboard; path = Register.storyboard; sourceTree = "<group>"; };
		6F37E886200DBC49004434E3 /* RegisterViewController.swift */ = {isa = PBXFileReference; lastKnownFileType = sourcecode.swift; path = RegisterViewController.swift; sourceTree = "<group>"; };
		6F37E888200DBD23004434E3 /* GoogleService-Info.plist */ = {isa = PBXFileReference; fileEncoding = 4; lastKnownFileType = text.plist.xml; path = "GoogleService-Info.plist"; sourceTree = "<group>"; };
		6F83227D9F521D1D13525E81 /* Pods_StreetBalldar.framework */ = {isa = PBXFileReference; explicitFileType = wrapper.framework; includeInIndex = 0; path = Pods_StreetBalldar.framework; sourceTree = BUILT_PRODUCTS_DIR; };
		7471B112E3A8451765EB0A84 /* Pods-StreetBalldarTests.release.xcconfig */ = {isa = PBXFileReference; includeInIndex = 1; lastKnownFileType = text.xcconfig; name = "Pods-StreetBalldarTests.release.xcconfig"; path = "Pods/Target Support Files/Pods-StreetBalldarTests/Pods-StreetBalldarTests.release.xcconfig"; sourceTree = "<group>"; };
		7845746361BD2611C77AAEE0 /* Pods-StreetBalldar.release.xcconfig */ = {isa = PBXFileReference; includeInIndex = 1; lastKnownFileType = text.xcconfig; name = "Pods-StreetBalldar.release.xcconfig"; path = "Pods/Target Support Files/Pods-StreetBalldar/Pods-StreetBalldar.release.xcconfig"; sourceTree = "<group>"; };
		7C642B94ED564E8FB156DA29 /* Pods_StreetBalldarUITests.framework */ = {isa = PBXFileReference; explicitFileType = wrapper.framework; includeInIndex = 0; path = Pods_StreetBalldarUITests.framework; sourceTree = BUILT_PRODUCTS_DIR; };
		B14F2E837C068D87777E4CA6 /* Pods_StreetBalldarTests.framework */ = {isa = PBXFileReference; explicitFileType = wrapper.framework; includeInIndex = 0; path = Pods_StreetBalldarTests.framework; sourceTree = BUILT_PRODUCTS_DIR; };
		C2D59957531B7814BBC80216 /* Pods-StreetBalldarTests.debug.xcconfig */ = {isa = PBXFileReference; includeInIndex = 1; lastKnownFileType = text.xcconfig; name = "Pods-StreetBalldarTests.debug.xcconfig"; path = "Pods/Target Support Files/Pods-StreetBalldarTests/Pods-StreetBalldarTests.debug.xcconfig"; sourceTree = "<group>"; };
		CC3782D0B752ECDBECEC2084 /* Pods-StreetBalldarUITests.debug.xcconfig */ = {isa = PBXFileReference; includeInIndex = 1; lastKnownFileType = text.xcconfig; name = "Pods-StreetBalldarUITests.debug.xcconfig"; path = "Pods/Target Support Files/Pods-StreetBalldarUITests/Pods-StreetBalldarUITests.debug.xcconfig"; sourceTree = "<group>"; };
/* End PBXFileReference section */

/* Begin PBXFrameworksBuildPhase section */
		6F37E84D200D0FE8004434E3 /* Frameworks */ = {
			isa = PBXFrameworksBuildPhase;
			buildActionMask = 2147483647;
			files = (
				06C2F5CB14DB31D78F3082A4 /* Pods_StreetBalldar.framework in Frameworks */,
			);
			runOnlyForDeploymentPostprocessing = 0;
		};
		6F37E861200D0FE8004434E3 /* Frameworks */ = {
			isa = PBXFrameworksBuildPhase;
			buildActionMask = 2147483647;
			files = (
				CF13B4D4BFA2EAA70EF86CE4 /* Pods_StreetBalldarTests.framework in Frameworks */,
			);
			runOnlyForDeploymentPostprocessing = 0;
		};
		6F37E86C200D0FE8004434E3 /* Frameworks */ = {
			isa = PBXFrameworksBuildPhase;
			buildActionMask = 2147483647;
			files = (
				7BD90840306CB2885ED64CD5 /* Pods_StreetBalldarUITests.framework in Frameworks */,
			);
			runOnlyForDeploymentPostprocessing = 0;
		};
/* End PBXFrameworksBuildPhase section */

/* Begin PBXGroup section */
		3682BE8D2011EC2C00AAE825 /* Extension */ = {
			isa = PBXGroup;
			children = (
				3682BE8E2011EC5800AAE825 /* ButtonGradient.swift */,
			);
			path = Extension;
			sourceTree = "<group>";
		};
		6F37E847200D0FE8004434E3 = {
			isa = PBXGroup;
			children = (
				6F37E852200D0FE8004434E3 /* StreetBalldar */,
				6F37E867200D0FE8004434E3 /* StreetBalldarTests */,
				6F37E872200D0FE8004434E3 /* StreetBalldarUITests */,
				6F37E851200D0FE8004434E3 /* Products */,
				D28B7B6DEDF6334DC8F36AAA /* Pods */,
				CB9F7188350AD5F6FB0A3FF6 /* Frameworks */,
			);
			sourceTree = "<group>";
		};
		6F37E851200D0FE8004434E3 /* Products */ = {
			isa = PBXGroup;
			children = (
				6F37E850200D0FE8004434E3 /* StreetBalldar.app */,
				6F37E864200D0FE8004434E3 /* StreetBalldarTests.xctest */,
				6F37E86F200D0FE8004434E3 /* StreetBalldarUITests.xctest */,
			);
			name = Products;
			sourceTree = "<group>";
		};
		6F37E852200D0FE8004434E3 /* StreetBalldar */ = {
			isa = PBXGroup;
			children = (
				3682BE8D2011EC2C00AAE825 /* Extension */,
				6F37E853200D0FE8004434E3 /* AppDelegate.swift */,
				6F37E881200DB6C6004434E3 /* Models */,
				6F37E882200DB6D0004434E3 /* Views */,
				6F37E883200DB6E6004434E3 /* Controllers */,
				6F37E85A200D0FE8004434E3 /* Assets.xcassets */,
				6F37E85F200D0FE8004434E3 /* Info.plist */,
				6F37E888200DBD23004434E3 /* GoogleService-Info.plist */,
			);
			path = StreetBalldar;
			sourceTree = "<group>";
		};
		6F37E867200D0FE8004434E3 /* StreetBalldarTests */ = {
			isa = PBXGroup;
			children = (
				6F37E868200D0FE8004434E3 /* StreetBalldarTests.swift */,
				6F37E86A200D0FE8004434E3 /* Info.plist */,
			);
			path = StreetBalldarTests;
			sourceTree = "<group>";
		};
		6F37E872200D0FE8004434E3 /* StreetBalldarUITests */ = {
			isa = PBXGroup;
			children = (
				6F37E873200D0FE8004434E3 /* StreetBalldarUITests.swift */,
				6F37E875200D0FE8004434E3 /* Info.plist */,
			);
			path = StreetBalldarUITests;
			sourceTree = "<group>";
		};
		6F37E881200DB6C6004434E3 /* Models */ = {
			isa = PBXGroup;
			children = (
			);
			path = Models;
			sourceTree = "<group>";
		};
		6F37E882200DB6D0004434E3 /* Views */ = {
			isa = PBXGroup;
			children = (
				6F37E857200D0FE8004434E3 /* Main.storyboard */,
				6F37E85C200D0FE8004434E3 /* LaunchScreen.storyboard */,
				6F37E884200DBC36004434E3 /* Register.storyboard */,
			);
			path = Views;
			sourceTree = "<group>";
		};
		6F37E883200DB6E6004434E3 /* Controllers */ = {
			isa = PBXGroup;
			children = (
				6F37E855200D0FE8004434E3 /* ViewController.swift */,
				6F37E886200DBC49004434E3 /* RegisterViewController.swift */,
			);
			path = Controllers;
			sourceTree = "<group>";
		};
		CB9F7188350AD5F6FB0A3FF6 /* Frameworks */ = {
			isa = PBXGroup;
			children = (
				6F83227D9F521D1D13525E81 /* Pods_StreetBalldar.framework */,
				B14F2E837C068D87777E4CA6 /* Pods_StreetBalldarTests.framework */,
				7C642B94ED564E8FB156DA29 /* Pods_StreetBalldarUITests.framework */,
			);
			name = Frameworks;
			sourceTree = "<group>";
		};
		D28B7B6DEDF6334DC8F36AAA /* Pods */ = {
			isa = PBXGroup;
			children = (
				46D28FA8C91999BCA3CA0BC9 /* Pods-StreetBalldar.debug.xcconfig */,
				7845746361BD2611C77AAEE0 /* Pods-StreetBalldar.release.xcconfig */,
				C2D59957531B7814BBC80216 /* Pods-StreetBalldarTests.debug.xcconfig */,
				7471B112E3A8451765EB0A84 /* Pods-StreetBalldarTests.release.xcconfig */,
				CC3782D0B752ECDBECEC2084 /* Pods-StreetBalldarUITests.debug.xcconfig */,
				659E72E7359B6855CA1E9C69 /* Pods-StreetBalldarUITests.release.xcconfig */,
			);
			name = Pods;
			sourceTree = "<group>";
		};
/* End PBXGroup section */

/* Begin PBXNativeTarget section */
		6F37E84F200D0FE8004434E3 /* StreetBalldar */ = {
			isa = PBXNativeTarget;
			buildConfigurationList = 6F37E878200D0FE8004434E3 /* Build configuration list for PBXNativeTarget "StreetBalldar" */;
			buildPhases = (
				E57D1C8BCF7384ED091B8B56 /* [CP] Check Pods Manifest.lock */,
				6F37E84C200D0FE8004434E3 /* Sources */,
				6F37E84D200D0FE8004434E3 /* Frameworks */,
				6F37E84E200D0FE8004434E3 /* Resources */,
				EC9A94A2235AD6152CA286FB /* [CP] Embed Pods Frameworks */,
				135FB0A6710F9897D6E0C04D /* [CP] Copy Pods Resources */,
			);
			buildRules = (
			);
			dependencies = (
			);
			name = StreetBalldar;
			productName = StreetBalldar;
			productReference = 6F37E850200D0FE8004434E3 /* StreetBalldar.app */;
			productType = "com.apple.product-type.application";
		};
		6F37E863200D0FE8004434E3 /* StreetBalldarTests */ = {
			isa = PBXNativeTarget;
			buildConfigurationList = 6F37E87B200D0FE8004434E3 /* Build configuration list for PBXNativeTarget "StreetBalldarTests" */;
			buildPhases = (
				5487DB8BAA63B53577D64AF9 /* [CP] Check Pods Manifest.lock */,
				6F37E860200D0FE8004434E3 /* Sources */,
				6F37E861200D0FE8004434E3 /* Frameworks */,
				6F37E862200D0FE8004434E3 /* Resources */,
				F8F9C8F078223ECC2D911B0A /* [CP] Embed Pods Frameworks */,
				A1C64E43C3DB486F038CF09F /* [CP] Copy Pods Resources */,
			);
			buildRules = (
			);
			dependencies = (
				6F37E866200D0FE8004434E3 /* PBXTargetDependency */,
			);
			name = StreetBalldarTests;
			productName = StreetBalldarTests;
			productReference = 6F37E864200D0FE8004434E3 /* StreetBalldarTests.xctest */;
			productType = "com.apple.product-type.bundle.unit-test";
		};
		6F37E86E200D0FE8004434E3 /* StreetBalldarUITests */ = {
			isa = PBXNativeTarget;
			buildConfigurationList = 6F37E87E200D0FE8004434E3 /* Build configuration list for PBXNativeTarget "StreetBalldarUITests" */;
			buildPhases = (
				BE308301B724B3FD605CFFEC /* [CP] Check Pods Manifest.lock */,
				6F37E86B200D0FE8004434E3 /* Sources */,
				6F37E86C200D0FE8004434E3 /* Frameworks */,
				6F37E86D200D0FE8004434E3 /* Resources */,
				FE4B091193AA88D6B4433060 /* [CP] Embed Pods Frameworks */,
				F50C4F62A25A29C77765A56F /* [CP] Copy Pods Resources */,
			);
			buildRules = (
			);
			dependencies = (
				6F37E871200D0FE8004434E3 /* PBXTargetDependency */,
			);
			name = StreetBalldarUITests;
			productName = StreetBalldarUITests;
			productReference = 6F37E86F200D0FE8004434E3 /* StreetBalldarUITests.xctest */;
			productType = "com.apple.product-type.bundle.ui-testing";
		};
/* End PBXNativeTarget section */

/* Begin PBXProject section */
		6F37E848200D0FE8004434E3 /* Project object */ = {
			isa = PBXProject;
			attributes = {
				LastSwiftUpdateCheck = 0920;
				LastUpgradeCheck = 0920;
				ORGANIZATIONNAME = Mirsoft.kg;
				TargetAttributes = {
					6F37E84F200D0FE8004434E3 = {
						CreatedOnToolsVersion = 9.2;
						ProvisioningStyle = Automatic;
					};
					6F37E863200D0FE8004434E3 = {
						CreatedOnToolsVersion = 9.2;
						ProvisioningStyle = Automatic;
						TestTargetID = 6F37E84F200D0FE8004434E3;
					};
					6F37E86E200D0FE8004434E3 = {
						CreatedOnToolsVersion = 9.2;
						ProvisioningStyle = Automatic;
						TestTargetID = 6F37E84F200D0FE8004434E3;
					};
				};
			};
			buildConfigurationList = 6F37E84B200D0FE8004434E3 /* Build configuration list for PBXProject "StreetBalldar" */;
			compatibilityVersion = "Xcode 8.0";
			developmentRegion = en;
			hasScannedForEncodings = 0;
			knownRegions = (
				en,
				Base,
			);
			mainGroup = 6F37E847200D0FE8004434E3;
			productRefGroup = 6F37E851200D0FE8004434E3 /* Products */;
			projectDirPath = "";
			projectRoot = "";
			targets = (
				6F37E84F200D0FE8004434E3 /* StreetBalldar */,
				6F37E863200D0FE8004434E3 /* StreetBalldarTests */,
				6F37E86E200D0FE8004434E3 /* StreetBalldarUITests */,
			);
		};
/* End PBXProject section */

/* Begin PBXResourcesBuildPhase section */
		6F37E84E200D0FE8004434E3 /* Resources */ = {
			isa = PBXResourcesBuildPhase;
			buildActionMask = 2147483647;
			files = (
				6F37E889200DBD23004434E3 /* GoogleService-Info.plist in Resources */,
				6F37E85E200D0FE8004434E3 /* LaunchScreen.storyboard in Resources */,
				6F37E85B200D0FE8004434E3 /* Assets.xcassets in Resources */,
				6F37E859200D0FE8004434E3 /* Main.storyboard in Resources */,
				6F37E885200DBC37004434E3 /* Register.storyboard in Resources */,
			);
			runOnlyForDeploymentPostprocessing = 0;
		};
		6F37E862200D0FE8004434E3 /* Resources */ = {
			isa = PBXResourcesBuildPhase;
			buildActionMask = 2147483647;
			files = (
			);
			runOnlyForDeploymentPostprocessing = 0;
		};
		6F37E86D200D0FE8004434E3 /* Resources */ = {
			isa = PBXResourcesBuildPhase;
			buildActionMask = 2147483647;
			files = (
			);
			runOnlyForDeploymentPostprocessing = 0;
		};
/* End PBXResourcesBuildPhase section */

/* Begin PBXShellScriptBuildPhase section */
		135FB0A6710F9897D6E0C04D /* [CP] Copy Pods Resources */ = {
			isa = PBXShellScriptBuildPhase;
			buildActionMask = 2147483647;
			files = (
			);
			inputPaths = (
			);
			name = "[CP] Copy Pods Resources";
			outputPaths = (
			);
			runOnlyForDeploymentPostprocessing = 0;
			shellPath = /bin/sh;
			shellScript = "\"${SRCROOT}/Pods/Target Support Files/Pods-StreetBalldar/Pods-StreetBalldar-resources.sh\"\n";
			showEnvVarsInLog = 0;
		};
		5487DB8BAA63B53577D64AF9 /* [CP] Check Pods Manifest.lock */ = {
			isa = PBXShellScriptBuildPhase;
			buildActionMask = 2147483647;
			files = (
			);
			inputPaths = (
				"${PODS_PODFILE_DIR_PATH}/Podfile.lock",
				"${PODS_ROOT}/Manifest.lock",
			);
			name = "[CP] Check Pods Manifest.lock";
			outputPaths = (
				"$(DERIVED_FILE_DIR)/Pods-StreetBalldarTests-checkManifestLockResult.txt",
			);
			runOnlyForDeploymentPostprocessing = 0;
			shellPath = /bin/sh;
			shellScript = "diff \"${PODS_PODFILE_DIR_PATH}/Podfile.lock\" \"${PODS_ROOT}/Manifest.lock\" > /dev/null\nif [ $? != 0 ] ; then\n    # print error to STDERR\n    echo \"error: The sandbox is not in sync with the Podfile.lock. Run 'pod install' or update your CocoaPods installation.\" >&2\n    exit 1\nfi\n# This output is used by Xcode 'outputs' to avoid re-running this script phase.\necho \"SUCCESS\" > \"${SCRIPT_OUTPUT_FILE_0}\"\n";
			showEnvVarsInLog = 0;
		};
		A1C64E43C3DB486F038CF09F /* [CP] Copy Pods Resources */ = {
			isa = PBXShellScriptBuildPhase;
			buildActionMask = 2147483647;
			files = (
			);
			inputPaths = (
			);
			name = "[CP] Copy Pods Resources";
			outputPaths = (
			);
			runOnlyForDeploymentPostprocessing = 0;
			shellPath = /bin/sh;
			shellScript = "\"${SRCROOT}/Pods/Target Support Files/Pods-StreetBalldarTests/Pods-StreetBalldarTests-resources.sh\"\n";
			showEnvVarsInLog = 0;
		};
		BE308301B724B3FD605CFFEC /* [CP] Check Pods Manifest.lock */ = {
			isa = PBXShellScriptBuildPhase;
			buildActionMask = 2147483647;
			files = (
			);
			inputPaths = (
				"${PODS_PODFILE_DIR_PATH}/Podfile.lock",
				"${PODS_ROOT}/Manifest.lock",
			);
			name = "[CP] Check Pods Manifest.lock";
			outputPaths = (
				"$(DERIVED_FILE_DIR)/Pods-StreetBalldarUITests-checkManifestLockResult.txt",
			);
			runOnlyForDeploymentPostprocessing = 0;
			shellPath = /bin/sh;
			shellScript = "diff \"${PODS_PODFILE_DIR_PATH}/Podfile.lock\" \"${PODS_ROOT}/Manifest.lock\" > /dev/null\nif [ $? != 0 ] ; then\n    # print error to STDERR\n    echo \"error: The sandbox is not in sync with the Podfile.lock. Run 'pod install' or update your CocoaPods installation.\" >&2\n    exit 1\nfi\n# This output is used by Xcode 'outputs' to avoid re-running this script phase.\necho \"SUCCESS\" > \"${SCRIPT_OUTPUT_FILE_0}\"\n";
			showEnvVarsInLog = 0;
		};
		E57D1C8BCF7384ED091B8B56 /* [CP] Check Pods Manifest.lock */ = {
			isa = PBXShellScriptBuildPhase;
			buildActionMask = 2147483647;
			files = (
			);
			inputPaths = (
				"${PODS_PODFILE_DIR_PATH}/Podfile.lock",
				"${PODS_ROOT}/Manifest.lock",
			);
			name = "[CP] Check Pods Manifest.lock";
			outputPaths = (
				"$(DERIVED_FILE_DIR)/Pods-StreetBalldar-checkManifestLockResult.txt",
			);
			runOnlyForDeploymentPostprocessing = 0;
			shellPath = /bin/sh;
			shellScript = "diff \"${PODS_PODFILE_DIR_PATH}/Podfile.lock\" \"${PODS_ROOT}/Manifest.lock\" > /dev/null\nif [ $? != 0 ] ; then\n    # print error to STDERR\n    echo \"error: The sandbox is not in sync with the Podfile.lock. Run 'pod install' or update your CocoaPods installation.\" >&2\n    exit 1\nfi\n# This output is used by Xcode 'outputs' to avoid re-running this script phase.\necho \"SUCCESS\" > \"${SCRIPT_OUTPUT_FILE_0}\"\n";
			showEnvVarsInLog = 0;
		};
		EC9A94A2235AD6152CA286FB /* [CP] Embed Pods Frameworks */ = {
			isa = PBXShellScriptBuildPhase;
			buildActionMask = 2147483647;
			files = (
			);
			inputPaths = (
				"${SRCROOT}/Pods/Target Support Files/Pods-StreetBalldar/Pods-StreetBalldar-frameworks.sh",
				"${BUILT_PRODUCTS_DIR}/ChameleonFramework/ChameleonFramework.framework",
				"${BUILT_PRODUCTS_DIR}/GTMSessionFetcher/GTMSessionFetcher.framework",
				"${BUILT_PRODUCTS_DIR}/GoogleToolboxForMac/GoogleToolboxForMac.framework",
				"${BUILT_PRODUCTS_DIR}/Material/Material.framework",
				"${BUILT_PRODUCTS_DIR}/Motion/Motion.framework",
				"${BUILT_PRODUCTS_DIR}/SDWebImage/SDWebImage.framework",
				"${BUILT_PRODUCTS_DIR}/leveldb-library/leveldb.framework",
				"${BUILT_PRODUCTS_DIR}/nanopb/nanopb.framework",
			);
			name = "[CP] Embed Pods Frameworks";
			outputPaths = (
				"${TARGET_BUILD_DIR}/${FRAMEWORKS_FOLDER_PATH}/ChameleonFramework.framework",
				"${TARGET_BUILD_DIR}/${FRAMEWORKS_FOLDER_PATH}/GTMSessionFetcher.framework",
				"${TARGET_BUILD_DIR}/${FRAMEWORKS_FOLDER_PATH}/GoogleToolboxForMac.framework",
				"${TARGET_BUILD_DIR}/${FRAMEWORKS_FOLDER_PATH}/Material.framework",
				"${TARGET_BUILD_DIR}/${FRAMEWORKS_FOLDER_PATH}/Motion.framework",
				"${TARGET_BUILD_DIR}/${FRAMEWORKS_FOLDER_PATH}/SDWebImage.framework",
				"${TARGET_BUILD_DIR}/${FRAMEWORKS_FOLDER_PATH}/leveldb.framework",
				"${TARGET_BUILD_DIR}/${FRAMEWORKS_FOLDER_PATH}/nanopb.framework",
			);
			runOnlyForDeploymentPostprocessing = 0;
			shellPath = /bin/sh;
			shellScript = "\"${SRCROOT}/Pods/Target Support Files/Pods-StreetBalldar/Pods-StreetBalldar-frameworks.sh\"\n";
			showEnvVarsInLog = 0;
		};
		F50C4F62A25A29C77765A56F /* [CP] Copy Pods Resources */ = {
			isa = PBXShellScriptBuildPhase;
			buildActionMask = 2147483647;
			files = (
			);
			inputPaths = (
			);
			name = "[CP] Copy Pods Resources";
			outputPaths = (
			);
			runOnlyForDeploymentPostprocessing = 0;
			shellPath = /bin/sh;
			shellScript = "\"${SRCROOT}/Pods/Target Support Files/Pods-StreetBalldarUITests/Pods-StreetBalldarUITests-resources.sh\"\n";
			showEnvVarsInLog = 0;
		};
		F8F9C8F078223ECC2D911B0A /* [CP] Embed Pods Frameworks */ = {
			isa = PBXShellScriptBuildPhase;
			buildActionMask = 2147483647;
			files = (
			);
			inputPaths = (
			);
			name = "[CP] Embed Pods Frameworks";
			outputPaths = (
			);
			runOnlyForDeploymentPostprocessing = 0;
			shellPath = /bin/sh;
			shellScript = "\"${SRCROOT}/Pods/Target Support Files/Pods-StreetBalldarTests/Pods-StreetBalldarTests-frameworks.sh\"\n";
			showEnvVarsInLog = 0;
		};
		FE4B091193AA88D6B4433060 /* [CP] Embed Pods Frameworks */ = {
			isa = PBXShellScriptBuildPhase;
			buildActionMask = 2147483647;
			files = (
			);
			inputPaths = (
			);
			name = "[CP] Embed Pods Frameworks";
			outputPaths = (
			);
			runOnlyForDeploymentPostprocessing = 0;
			shellPath = /bin/sh;
			shellScript = "\"${SRCROOT}/Pods/Target Support Files/Pods-StreetBalldarUITests/Pods-StreetBalldarUITests-frameworks.sh\"\n";
			showEnvVarsInLog = 0;
		};
/* End PBXShellScriptBuildPhase section */

/* Begin PBXSourcesBuildPhase section */
		6F37E84C200D0FE8004434E3 /* Sources */ = {
			isa = PBXSourcesBuildPhase;
			buildActionMask = 2147483647;
			files = (
				6F37E887200DBC49004434E3 /* RegisterViewController.swift in Sources */,
				3682BE8F2011EC5800AAE825 /* ButtonGradient.swift in Sources */,
				6F37E856200D0FE8004434E3 /* ViewController.swift in Sources */,
				6F37E854200D0FE8004434E3 /* AppDelegate.swift in Sources */,
			);
			runOnlyForDeploymentPostprocessing = 0;
		};
		6F37E860200D0FE8004434E3 /* Sources */ = {
			isa = PBXSourcesBuildPhase;
			buildActionMask = 2147483647;
			files = (
				6F37E869200D0FE8004434E3 /* StreetBalldarTests.swift in Sources */,
			);
			runOnlyForDeploymentPostprocessing = 0;
		};
		6F37E86B200D0FE8004434E3 /* Sources */ = {
			isa = PBXSourcesBuildPhase;
			buildActionMask = 2147483647;
			files = (
				6F37E874200D0FE8004434E3 /* StreetBalldarUITests.swift in Sources */,
			);
			runOnlyForDeploymentPostprocessing = 0;
		};
/* End PBXSourcesBuildPhase section */

/* Begin PBXTargetDependency section */
		6F37E866200D0FE8004434E3 /* PBXTargetDependency */ = {
			isa = PBXTargetDependency;
			target = 6F37E84F200D0FE8004434E3 /* StreetBalldar */;
			targetProxy = 6F37E865200D0FE8004434E3 /* PBXContainerItemProxy */;
		};
		6F37E871200D0FE8004434E3 /* PBXTargetDependency */ = {
			isa = PBXTargetDependency;
			target = 6F37E84F200D0FE8004434E3 /* StreetBalldar */;
			targetProxy = 6F37E870200D0FE8004434E3 /* PBXContainerItemProxy */;
		};
/* End PBXTargetDependency section */

/* Begin PBXVariantGroup section */
		6F37E857200D0FE8004434E3 /* Main.storyboard */ = {
			isa = PBXVariantGroup;
			children = (
				6F37E858200D0FE8004434E3 /* Base */,
			);
			name = Main.storyboard;
			sourceTree = "<group>";
		};
		6F37E85C200D0FE8004434E3 /* LaunchScreen.storyboard */ = {
			isa = PBXVariantGroup;
			children = (
				6F37E85D200D0FE8004434E3 /* Base */,
			);
			name = LaunchScreen.storyboard;
			sourceTree = "<group>";
		};
/* End PBXVariantGroup section */

/* Begin XCBuildConfiguration section */
		6F37E876200D0FE8004434E3 /* Debug */ = {
			isa = XCBuildConfiguration;
			buildSettings = {
				ALWAYS_SEARCH_USER_PATHS = NO;
				CLANG_ANALYZER_NONNULL = YES;
				CLANG_ANALYZER_NUMBER_OBJECT_CONVERSION = YES_AGGRESSIVE;
				CLANG_CXX_LANGUAGE_STANDARD = "gnu++14";
				CLANG_CXX_LIBRARY = "libc++";
				CLANG_ENABLE_MODULES = YES;
				CLANG_ENABLE_OBJC_ARC = YES;
				CLANG_WARN_BLOCK_CAPTURE_AUTORELEASING = YES;
				CLANG_WARN_BOOL_CONVERSION = YES;
				CLANG_WARN_COMMA = YES;
				CLANG_WARN_CONSTANT_CONVERSION = YES;
				CLANG_WARN_DIRECT_OBJC_ISA_USAGE = YES_ERROR;
				CLANG_WARN_DOCUMENTATION_COMMENTS = YES;
				CLANG_WARN_EMPTY_BODY = YES;
				CLANG_WARN_ENUM_CONVERSION = YES;
				CLANG_WARN_INFINITE_RECURSION = YES;
				CLANG_WARN_INT_CONVERSION = YES;
				CLANG_WARN_NON_LITERAL_NULL_CONVERSION = YES;
				CLANG_WARN_OBJC_LITERAL_CONVERSION = YES;
				CLANG_WARN_OBJC_ROOT_CLASS = YES_ERROR;
				CLANG_WARN_RANGE_LOOP_ANALYSIS = YES;
				CLANG_WARN_STRICT_PROTOTYPES = YES;
				CLANG_WARN_SUSPICIOUS_MOVE = YES;
				CLANG_WARN_UNGUARDED_AVAILABILITY = YES_AGGRESSIVE;
				CLANG_WARN_UNREACHABLE_CODE = YES;
				CLANG_WARN__DUPLICATE_METHOD_MATCH = YES;
				CODE_SIGN_IDENTITY = "iPhone Developer";
				COPY_PHASE_STRIP = NO;
				DEBUG_INFORMATION_FORMAT = dwarf;
				ENABLE_STRICT_OBJC_MSGSEND = YES;
				ENABLE_TESTABILITY = YES;
				GCC_C_LANGUAGE_STANDARD = gnu11;
				GCC_DYNAMIC_NO_PIC = NO;
				GCC_NO_COMMON_BLOCKS = YES;
				GCC_OPTIMIZATION_LEVEL = 0;
				GCC_PREPROCESSOR_DEFINITIONS = (
					"DEBUG=1",
					"$(inherited)",
				);
				GCC_WARN_64_TO_32_BIT_CONVERSION = YES;
				GCC_WARN_ABOUT_RETURN_TYPE = YES_ERROR;
				GCC_WARN_UNDECLARED_SELECTOR = YES;
				GCC_WARN_UNINITIALIZED_AUTOS = YES_AGGRESSIVE;
				GCC_WARN_UNUSED_FUNCTION = YES;
				GCC_WARN_UNUSED_VARIABLE = YES;
				IPHONEOS_DEPLOYMENT_TARGET = 11.2;
				MTL_ENABLE_DEBUG_INFO = YES;
				ONLY_ACTIVE_ARCH = YES;
				SDKROOT = iphoneos;
				SWIFT_ACTIVE_COMPILATION_CONDITIONS = DEBUG;
				SWIFT_OPTIMIZATION_LEVEL = "-Onone";
			};
			name = Debug;
		};
		6F37E877200D0FE8004434E3 /* Release */ = {
			isa = XCBuildConfiguration;
			buildSettings = {
				ALWAYS_SEARCH_USER_PATHS = NO;
				CLANG_ANALYZER_NONNULL = YES;
				CLANG_ANALYZER_NUMBER_OBJECT_CONVERSION = YES_AGGRESSIVE;
				CLANG_CXX_LANGUAGE_STANDARD = "gnu++14";
				CLANG_CXX_LIBRARY = "libc++";
				CLANG_ENABLE_MODULES = YES;
				CLANG_ENABLE_OBJC_ARC = YES;
				CLANG_WARN_BLOCK_CAPTURE_AUTORELEASING = YES;
				CLANG_WARN_BOOL_CONVERSION = YES;
				CLANG_WARN_COMMA = YES;
				CLANG_WARN_CONSTANT_CONVERSION = YES;
				CLANG_WARN_DIRECT_OBJC_ISA_USAGE = YES_ERROR;
				CLANG_WARN_DOCUMENTATION_COMMENTS = YES;
				CLANG_WARN_EMPTY_BODY = YES;
				CLANG_WARN_ENUM_CONVERSION = YES;
				CLANG_WARN_INFINITE_RECURSION = YES;
				CLANG_WARN_INT_CONVERSION = YES;
				CLANG_WARN_NON_LITERAL_NULL_CONVERSION = YES;
				CLANG_WARN_OBJC_LITERAL_CONVERSION = YES;
				CLANG_WARN_OBJC_ROOT_CLASS = YES_ERROR;
				CLANG_WARN_RANGE_LOOP_ANALYSIS = YES;
				CLANG_WARN_STRICT_PROTOTYPES = YES;
				CLANG_WARN_SUSPICIOUS_MOVE = YES;
				CLANG_WARN_UNGUARDED_AVAILABILITY = YES_AGGRESSIVE;
				CLANG_WARN_UNREACHABLE_CODE = YES;
				CLANG_WARN__DUPLICATE_METHOD_MATCH = YES;
				CODE_SIGN_IDENTITY = "iPhone Developer";
				COPY_PHASE_STRIP = NO;
				DEBUG_INFORMATION_FORMAT = "dwarf-with-dsym";
				ENABLE_NS_ASSERTIONS = NO;
				ENABLE_STRICT_OBJC_MSGSEND = YES;
				GCC_C_LANGUAGE_STANDARD = gnu11;
				GCC_NO_COMMON_BLOCKS = YES;
				GCC_WARN_64_TO_32_BIT_CONVERSION = YES;
				GCC_WARN_ABOUT_RETURN_TYPE = YES_ERROR;
				GCC_WARN_UNDECLARED_SELECTOR = YES;
				GCC_WARN_UNINITIALIZED_AUTOS = YES_AGGRESSIVE;
				GCC_WARN_UNUSED_FUNCTION = YES;
				GCC_WARN_UNUSED_VARIABLE = YES;
				IPHONEOS_DEPLOYMENT_TARGET = 11.2;
				MTL_ENABLE_DEBUG_INFO = NO;
				SDKROOT = iphoneos;
				SWIFT_OPTIMIZATION_LEVEL = "-Owholemodule";
				VALIDATE_PRODUCT = YES;
			};
			name = Release;
		};
		6F37E879200D0FE8004434E3 /* Debug */ = {
			isa = XCBuildConfiguration;
			baseConfigurationReference = 46D28FA8C91999BCA3CA0BC9 /* Pods-StreetBalldar.debug.xcconfig */;
			buildSettings = {
				ASSETCATALOG_COMPILER_APPICON_NAME = AppIcon;
				CODE_SIGN_STYLE = Automatic;
				DEVELOPMENT_TEAM = 648T8LEK52;
				INFOPLIST_FILE = StreetBalldar/Info.plist;
				LD_RUNPATH_SEARCH_PATHS = "$(inherited) @executable_path/Frameworks";
				PRODUCT_BUNDLE_IDENTIFIER = kg.mirsoft.StreetBalldar;
				PRODUCT_NAME = "$(TARGET_NAME)";
				SWIFT_VERSION = 4.0;
				TARGETED_DEVICE_FAMILY = "1,2";
			};
			name = Debug;
		};
		6F37E87A200D0FE8004434E3 /* Release */ = {
			isa = XCBuildConfiguration;
			baseConfigurationReference = 7845746361BD2611C77AAEE0 /* Pods-StreetBalldar.release.xcconfig */;
			buildSettings = {
				ASSETCATALOG_COMPILER_APPICON_NAME = AppIcon;
				CODE_SIGN_STYLE = Automatic;
				DEVELOPMENT_TEAM = 648T8LEK52;
				INFOPLIST_FILE = StreetBalldar/Info.plist;
				LD_RUNPATH_SEARCH_PATHS = "$(inherited) @executable_path/Frameworks";
				PRODUCT_BUNDLE_IDENTIFIER = kg.mirsoft.StreetBalldar;
				PRODUCT_NAME = "$(TARGET_NAME)";
				SWIFT_VERSION = 4.0;
				TARGETED_DEVICE_FAMILY = "1,2";
			};
			name = Release;
		};
		6F37E87C200D0FE8004434E3 /* Debug */ = {
			isa = XCBuildConfiguration;
			baseConfigurationReference = C2D59957531B7814BBC80216 /* Pods-StreetBalldarTests.debug.xcconfig */;
			buildSettings = {
				ALWAYS_EMBED_SWIFT_STANDARD_LIBRARIES = YES;
				BUNDLE_LOADER = "$(TEST_HOST)";
				CODE_SIGN_STYLE = Automatic;
				DEVELOPMENT_TEAM = 648T8LEK52;
				INFOPLIST_FILE = StreetBalldarTests/Info.plist;
				LD_RUNPATH_SEARCH_PATHS = "$(inherited) @executable_path/Frameworks @loader_path/Frameworks";
				PRODUCT_BUNDLE_IDENTIFIER = kg.mirsoft.StreetBalldarTests;
				PRODUCT_NAME = "$(TARGET_NAME)";
				SWIFT_VERSION = 4.0;
				TARGETED_DEVICE_FAMILY = "1,2";
				TEST_HOST = "$(BUILT_PRODUCTS_DIR)/StreetBalldar.app/StreetBalldar";
			};
			name = Debug;
		};
		6F37E87D200D0FE8004434E3 /* Release */ = {
			isa = XCBuildConfiguration;
			baseConfigurationReference = 7471B112E3A8451765EB0A84 /* Pods-StreetBalldarTests.release.xcconfig */;
			buildSettings = {
				ALWAYS_EMBED_SWIFT_STANDARD_LIBRARIES = YES;
				BUNDLE_LOADER = "$(TEST_HOST)";
				CODE_SIGN_STYLE = Automatic;
				DEVELOPMENT_TEAM = 648T8LEK52;
				INFOPLIST_FILE = StreetBalldarTests/Info.plist;
				LD_RUNPATH_SEARCH_PATHS = "$(inherited) @executable_path/Frameworks @loader_path/Frameworks";
				PRODUCT_BUNDLE_IDENTIFIER = kg.mirsoft.StreetBalldarTests;
				PRODUCT_NAME = "$(TARGET_NAME)";
				SWIFT_VERSION = 4.0;
				TARGETED_DEVICE_FAMILY = "1,2";
				TEST_HOST = "$(BUILT_PRODUCTS_DIR)/StreetBalldar.app/StreetBalldar";
			};
			name = Release;
		};
		6F37E87F200D0FE8004434E3 /* Debug */ = {
			isa = XCBuildConfiguration;
			baseConfigurationReference = CC3782D0B752ECDBECEC2084 /* Pods-StreetBalldarUITests.debug.xcconfig */;
			buildSettings = {
				ALWAYS_EMBED_SWIFT_STANDARD_LIBRARIES = YES;
				CODE_SIGN_STYLE = Automatic;
				DEVELOPMENT_TEAM = 648T8LEK52;
				INFOPLIST_FILE = StreetBalldarUITests/Info.plist;
				LD_RUNPATH_SEARCH_PATHS = "$(inherited) @executable_path/Frameworks @loader_path/Frameworks";
				PRODUCT_BUNDLE_IDENTIFIER = kg.mirsoft.StreetBalldarUITests;
				PRODUCT_NAME = "$(TARGET_NAME)";
				SWIFT_VERSION = 4.0;
				TARGETED_DEVICE_FAMILY = "1,2";
				TEST_TARGET_NAME = StreetBalldar;
			};
			name = Debug;
		};
		6F37E880200D0FE8004434E3 /* Release */ = {
			isa = XCBuildConfiguration;
			baseConfigurationReference = 659E72E7359B6855CA1E9C69 /* Pods-StreetBalldarUITests.release.xcconfig */;
			buildSettings = {
				ALWAYS_EMBED_SWIFT_STANDARD_LIBRARIES = YES;
				CODE_SIGN_STYLE = Automatic;
				DEVELOPMENT_TEAM = 648T8LEK52;
				INFOPLIST_FILE = StreetBalldarUITests/Info.plist;
				LD_RUNPATH_SEARCH_PATHS = "$(inherited) @executable_path/Frameworks @loader_path/Frameworks";
				PRODUCT_BUNDLE_IDENTIFIER = kg.mirsoft.StreetBalldarUITests;
				PRODUCT_NAME = "$(TARGET_NAME)";
				SWIFT_VERSION = 4.0;
				TARGETED_DEVICE_FAMILY = "1,2";
				TEST_TARGET_NAME = StreetBalldar;
			};
			name = Release;
		};
/* End XCBuildConfiguration section */

/* Begin XCConfigurationList section */
		6F37E84B200D0FE8004434E3 /* Build configuration list for PBXProject "StreetBalldar" */ = {
			isa = XCConfigurationList;
			buildConfigurations = (
				6F37E876200D0FE8004434E3 /* Debug */,
				6F37E877200D0FE8004434E3 /* Release */,
			);
			defaultConfigurationIsVisible = 0;
			defaultConfigurationName = Release;
		};
		6F37E878200D0FE8004434E3 /* Build configuration list for PBXNativeTarget "StreetBalldar" */ = {
			isa = XCConfigurationList;
			buildConfigurations = (
				6F37E879200D0FE8004434E3 /* Debug */,
				6F37E87A200D0FE8004434E3 /* Release */,
			);
			defaultConfigurationIsVisible = 0;
			defaultConfigurationName = Release;
		};
		6F37E87B200D0FE8004434E3 /* Build configuration list for PBXNativeTarget "StreetBalldarTests" */ = {
			isa = XCConfigurationList;
			buildConfigurations = (
				6F37E87C200D0FE8004434E3 /* Debug */,
				6F37E87D200D0FE8004434E3 /* Release */,
			);
			defaultConfigurationIsVisible = 0;
			defaultConfigurationName = Release;
		};
		6F37E87E200D0FE8004434E3 /* Build configuration list for PBXNativeTarget "StreetBalldarUITests" */ = {
			isa = XCConfigurationList;
			buildConfigurations = (
				6F37E87F200D0FE8004434E3 /* Debug */,
				6F37E880200D0FE8004434E3 /* Release */,
			);
			defaultConfigurationIsVisible = 0;
			defaultConfigurationName = Release;
		};
/* End XCConfigurationList section */
	};
	rootObject = 6F37E848200D0FE8004434E3 /* Project object */;
}
